
Microsoft Visual Studio Solution File, Format Version 12.00
# Visual Studio 14
VisualStudioVersion = 14.0.25123.0
MinimumVisualStudioVersion = 10.0.40219.1
Project("{2150E333-8FDC-42A3-9474-1A3956D46DE8}") = "src", "src", "{D4022243-646F-4EFF-A378-94052B527518}"
EndProject
Project("{2150E333-8FDC-42A3-9474-1A3956D46DE8}") = "Solution Items", "Solution Items", "{AD294CCE-DA0C-47B3-B847-45F8AF557C1F}"
	ProjectSection(SolutionItems) = preProject
		global.json = global.json
	EndProjectSection
EndProject
Project("{8BB2217D-0F2D-49D1-97BC-3654ED321F3B}") = "Izusoft.IdendityCardVerifier", "src\Izusoft.IdendityCardVerifier\Izusoft.IdendityCardVerifier.xproj", "{B7A90A8C-5ECF-41BC-AC67-F758802E7615}"
EndProject
Global
	GlobalSection(SolutionConfigurationPlatforms) = preSolution
		Debug|Any CPU = Debug|Any CPU
		Release|Any CPU = Release|Any CPU
	EndGlobalSection
	GlobalSection(ProjectConfigurationPlatforms) = postSolution
		{B7A90A8C-5ECF-41BC-AC67-F758802E7615}.Debug|Any CPU.ActiveCfg = Debug|Any CPU
		{B7A90A8C-5ECF-41BC-AC67-F758802E7615}.Debug|Any CPU.Build.0 = Debug|Any CPU
		{B7A90A8C-5ECF-41BC-AC67-F758802E7615}.Release|Any CPU.ActiveCfg = Release|Any CPU
		{B7A90A8C-5ECF-41BC-AC67-F758802E7615}.Release|Any CPU.Build.0 = Release|Any CPU
	EndGlobalSection
	GlobalSection(SolutionProperties) = preSolution
		HideSolutionNode = FALSE
	EndGlobalSection
	GlobalSection(NestedProjects) = preSolution
		{B7A90A8C-5ECF-41BC-AC67-F758802E7615} = {D4022243-646F-4EFF-A378-94052B527518}
	EndGlobalSection
EndGlobal
